
Microsoft Visual Studio Solution File, Format Version 12.00
# Visual Studio Version 16
VisualStudioVersion = 16.0.31515.178
MinimumVisualStudioVersion = 10.0.40219.1
Project("{2150E333-8FDC-42A3-9474-1A3956D46DE8}") = "App", "App", "{0BB6241B-3503-4299-907B-FAEEDE687C5A}"
EndProject
Project("{2150E333-8FDC-42A3-9474-1A3956D46DE8}") = "EncryptionLibrary", "EncryptionLibrary", "{92A1B8AF-19FF-4015-B955-144D4680228D}"
EndProject
Project("{9A19103F-16F7-4668-BE54-9A1E7A4F7556}") = "dreamscape.EncryptionTraining.EncryptionLibrary", "dreamscape.EncryptionLibrary\dreamscape.EncryptionTraining.EncryptionLibrary.csproj", "{072CA719-A7B0-4C6C-A759-A3DA5CEDB746}"
EndProject
Project("{2150E333-8FDC-42A3-9474-1A3956D46DE8}") = "View", "View", "{33CF0D24-5707-48CF-A949-8ED527E08920}"
EndProject
Project("{2150E333-8FDC-42A3-9474-1A3956D46DE8}") = "ViewModel", "ViewModel", "{E60D0ADF-A749-49B8-9A46-F0ABC21E955E}"
EndProject
Project("{2150E333-8FDC-42A3-9474-1A3956D46DE8}") = "Model", "Model", "{B0CFA946-B20E-4232-AB7C-7856DF379F65}"
EndProject
Project("{9A19103F-16F7-4668-BE54-9A1E7A4F7556}") = "dreamscape.EncryptionTraining.DesktopApp.View", "dreamscape.EncryptionTraining.DesktopApp.View\dreamscape.EncryptionTraining.DesktopApp.View.csproj", "{8ECD3FC1-F22A-484C-9BEC-007E0A129244}"
EndProject
Project("{2150E333-8FDC-42A3-9474-1A3956D46DE8}") = "Default", "Default", "{D467622F-D94F-423F-84FE-8E7606B430EF}"
EndProject
Project("{2150E333-8FDC-42A3-9474-1A3956D46DE8}") = "Interface", "Interface", "{98F9E01F-1870-4797-94CD-1CF8B9668E1E}"
EndProject
Project("{9A19103F-16F7-4668-BE54-9A1E7A4F7556}") = "dreamscape.EncryptionTraining.DesktopApp.IViewModel", "dreamscape.EncryptionTraining.DesktopApp.IViewModel\dreamscape.EncryptionTraining.DesktopApp.IViewModel.csproj", "{9F650F38-4885-44BE-AE4C-36A12FEC14DA}"
EndProject
Project("{9A19103F-16F7-4668-BE54-9A1E7A4F7556}") = "dreamscape.EncryptionTraining.DesktopApp.DefaultViewModel", "dreamscape.EncryptionTraining.DesktopApp.DefaultViewModel\dreamscape.EncryptionTraining.DesktopApp.DefaultViewModel.csproj", "{1F640612-CEF4-4DE9-BE9A-EF56E2350893}"
EndProject
Project("{2150E333-8FDC-42A3-9474-1A3956D46DE8}") = "Startup", "Startup", "{1F997482-6F32-45F1-9819-888F723C5E0B}"
EndProject
Project("{2150E333-8FDC-42A3-9474-1A3956D46DE8}") = "DI", "DI", "{6BE05A61-0D5C-412A-B98D-2E156F8AEF7E}"
EndProject
Project("{9A19103F-16F7-4668-BE54-9A1E7A4F7556}") = "dreamscape.EncryptionTraining.DesktopApp.ViewModel.Helpers", "dreamscape.EncryptionTraining.DesktopApp.ViewModel.Helpers\dreamscape.EncryptionTraining.DesktopApp.ViewModel.Helpers.csproj", "{910AD625-DA63-4D8A-9C1F-EBABF2F90368}"
EndProject
Project("{2150E333-8FDC-42A3-9474-1A3956D46DE8}") = "Helpers", "Helpers", "{52EB5D5B-6F32-4B40-9D44-91C62E049465}"
EndProject
Project("{FAE04EC0-301F-11D3-BF4B-00C04F79EFBC}") = "dreamscape.EncryptionTraining.EncryptionLibrary.Tests", "dreamscape.EncryptionTraining.EncryptionLibrary.Tests\dreamscape.EncryptionTraining.EncryptionLibrary.Tests.csproj", "{38C7F306-87F7-4FFF-B60C-35C0F09F3C39}"
EndProject
Global
	GlobalSection(SolutionConfigurationPlatforms) = preSolution
		Debug|Any CPU = Debug|Any CPU
		Release|Any CPU = Release|Any CPU
	EndGlobalSection
	GlobalSection(ProjectConfigurationPlatforms) = postSolution
		{072CA719-A7B0-4C6C-A759-A3DA5CEDB746}.Debug|Any CPU.ActiveCfg = Debug|Any CPU
		{072CA719-A7B0-4C6C-A759-A3DA5CEDB746}.Debug|Any CPU.Build.0 = Debug|Any CPU
		{072CA719-A7B0-4C6C-A759-A3DA5CEDB746}.Release|Any CPU.ActiveCfg = Release|Any CPU
		{072CA719-A7B0-4C6C-A759-A3DA5CEDB746}.Release|Any CPU.Build.0 = Release|Any CPU
		{8ECD3FC1-F22A-484C-9BEC-007E0A129244}.Debug|Any CPU.ActiveCfg = Debug|Any CPU
		{8ECD3FC1-F22A-484C-9BEC-007E0A129244}.Debug|Any CPU.Build.0 = Debug|Any CPU
		{8ECD3FC1-F22A-484C-9BEC-007E0A129244}.Release|Any CPU.ActiveCfg = Release|Any CPU
		{8ECD3FC1-F22A-484C-9BEC-007E0A129244}.Release|Any CPU.Build.0 = Release|Any CPU
		{9F650F38-4885-44BE-AE4C-36A12FEC14DA}.Debug|Any CPU.ActiveCfg = Debug|Any CPU
		{9F650F38-4885-44BE-AE4C-36A12FEC14DA}.Debug|Any CPU.Build.0 = Debug|Any CPU
		{9F650F38-4885-44BE-AE4C-36A12FEC14DA}.Release|Any CPU.ActiveCfg = Release|Any CPU
		{9F650F38-4885-44BE-AE4C-36A12FEC14DA}.Release|Any CPU.Build.0 = Release|Any CPU
		{1F640612-CEF4-4DE9-BE9A-EF56E2350893}.Debug|Any CPU.ActiveCfg = Debug|Any CPU
		{1F640612-CEF4-4DE9-BE9A-EF56E2350893}.Debug|Any CPU.Build.0 = Debug|Any CPU
		{1F640612-CEF4-4DE9-BE9A-EF56E2350893}.Release|Any CPU.ActiveCfg = Release|Any CPU
		{1F640612-CEF4-4DE9-BE9A-EF56E2350893}.Release|Any CPU.Build.0 = Release|Any CPU
		{910AD625-DA63-4D8A-9C1F-EBABF2F90368}.Debug|Any CPU.ActiveCfg = Debug|Any CPU
		{910AD625-DA63-4D8A-9C1F-EBABF2F90368}.Debug|Any CPU.Build.0 = Debug|Any CPU
		{910AD625-DA63-4D8A-9C1F-EBABF2F90368}.Release|Any CPU.ActiveCfg = Release|Any CPU
		{910AD625-DA63-4D8A-9C1F-EBABF2F90368}.Release|Any CPU.Build.0 = Release|Any CPU
		{38C7F306-87F7-4FFF-B60C-35C0F09F3C39}.Debug|Any CPU.ActiveCfg = Debug|Any CPU
		{38C7F306-87F7-4FFF-B60C-35C0F09F3C39}.Debug|Any CPU.Build.0 = Debug|Any CPU
		{38C7F306-87F7-4FFF-B60C-35C0F09F3C39}.Release|Any CPU.ActiveCfg = Release|Any CPU
		{38C7F306-87F7-4FFF-B60C-35C0F09F3C39}.Release|Any CPU.Build.0 = Release|Any CPU
	EndGlobalSection
	GlobalSection(SolutionProperties) = preSolution
		HideSolutionNode = FALSE
	EndGlobalSection
	GlobalSection(NestedProjects) = preSolution
		{072CA719-A7B0-4C6C-A759-A3DA5CEDB746} = {92A1B8AF-19FF-4015-B955-144D4680228D}
		{33CF0D24-5707-48CF-A949-8ED527E08920} = {0BB6241B-3503-4299-907B-FAEEDE687C5A}
		{E60D0ADF-A749-49B8-9A46-F0ABC21E955E} = {0BB6241B-3503-4299-907B-FAEEDE687C5A}
		{B0CFA946-B20E-4232-AB7C-7856DF379F65} = {0BB6241B-3503-4299-907B-FAEEDE687C5A}
		{8ECD3FC1-F22A-484C-9BEC-007E0A129244} = {33CF0D24-5707-48CF-A949-8ED527E08920}
		{D467622F-D94F-423F-84FE-8E7606B430EF} = {E60D0ADF-A749-49B8-9A46-F0ABC21E955E}
		{98F9E01F-1870-4797-94CD-1CF8B9668E1E} = {E60D0ADF-A749-49B8-9A46-F0ABC21E955E}
		{9F650F38-4885-44BE-AE4C-36A12FEC14DA} = {98F9E01F-1870-4797-94CD-1CF8B9668E1E}
		{1F640612-CEF4-4DE9-BE9A-EF56E2350893} = {D467622F-D94F-423F-84FE-8E7606B430EF}
		{1F997482-6F32-45F1-9819-888F723C5E0B} = {0BB6241B-3503-4299-907B-FAEEDE687C5A}
		{6BE05A61-0D5C-412A-B98D-2E156F8AEF7E} = {0BB6241B-3503-4299-907B-FAEEDE687C5A}
		{910AD625-DA63-4D8A-9C1F-EBABF2F90368} = {52EB5D5B-6F32-4B40-9D44-91C62E049465}
		{52EB5D5B-6F32-4B40-9D44-91C62E049465} = {E60D0ADF-A749-49B8-9A46-F0ABC21E955E}
		{38C7F306-87F7-4FFF-B60C-35C0F09F3C39} = {92A1B8AF-19FF-4015-B955-144D4680228D}
	EndGlobalSection
	GlobalSection(ExtensibilityGlobals) = postSolution
		SolutionGuid = {5858BBFA-EAEC-42D6-91C2-ECEBFED7772B}
	EndGlobalSection
EndGlobal
